
Microsoft Visual Studio Solution File, Format Version 12.00
# Visual Studio Version 17
VisualStudioVersion = 17.6.33829.357
MinimumVisualStudioVersion = 10.0.40219.1
Project("{FAE04EC0-301F-11D3-BF4B-00C04F79EFBC}") = "BackendAPI", "BackendAPI.csproj", "{C3A903B2-8FD5-4574-B31F-7EFC3E881AA7}"
EndProject
Global
	GlobalSection(SolutionConfigurationPlatforms) = preSolution
		Debug|Any CPU = Debug|Any CPU
		Release|Any CPU = Release|Any CPU
	EndGlobalSection
	GlobalSection(ProjectConfigurationPlatforms) = postSolution
		{C3A903B2-8FD5-4574-B31F-7EFC3E881AA7}.Debug|Any CPU.ActiveCfg = Debug|Any CPU
		{C3A903B2-8FD5-4574-B31F-7EFC3E881AA7}.Debug|Any CPU.Build.0 = Debug|Any CPU
		{C3A903B2-8FD5-4574-B31F-7EFC3E881AA7}.Release|Any CPU.ActiveCfg = Release|Any CPU
		{C3A903B2-8FD5-4574-B31F-7EFC3E881AA7}.Release|Any CPU.Build.0 = Release|Any CPU
	EndGlobalSection
	GlobalSection(SolutionProperties) = preSolution
		HideSolutionNode = FALSE
	EndGlobalSection
	GlobalSection(ExtensibilityGlobals) = postSolution
		SolutionGuid = {12EFF9EE-E479-44FC-945A-291DE1824F11}
	EndGlobalSection
EndGlobal
